{
  "nodes": {
    "home-manager": {
      "inputs": {
        "nixpkgs": [
          "nixpkgs"
        ]
      },
      "locked": {
        "lastModified": 1741174782,
        "narHash": "sha256-dYRebJk58/d5Ej1G6xTOadTfG6tU5zFgXYrLsRJlrgw=",
        "owner": "nix-community",
        "repo": "home-manager",
        "rev": "def0dbbcea715d4514ca343ab4d6d7f3a1742da0",
        "type": "github"
      },
      "original": {
        "owner": "nix-community",
        "repo": "home-manager",
        "type": "github"
      }
    },
    "nixpkgs": {
      "locked": {
        "lastModified": 1741048562,
        "narHash": "sha256-W4YZ3fvWZiFYYyd900kh8P8wU6DHSiwaH0j4+fai1Sk=",
        "owner": "nixos",
        "repo": "nixpkgs",
        "rev": "6af28b834daca767a7ef99f8a7defa957d0ade6f",
        "type": "github"
      },
      "original": {
        "owner": "nixos",
        "ref": "nixos-24.11",
        "repo": "nixpkgs",
        "type": "github"
      }
    },
    "root": {
      "inputs": {
        "home-manager": "home-manager",
        "nixpkgs": "nixpkgs"
      }
    }
  },
  "root": "root",
  "version": 7
}
